
Microsoft Visual Studio Solution File, Format Version 12.00
# Visual Studio Version 17
VisualStudioVersion = 17.12.35707.178
MinimumVisualStudioVersion = 10.0.40219.1
Project("{FAE04EC0-301F-11D3-BF4B-00C04F79EFBC}") = "Server", "Server\Server.csproj", "{8FCDCEE5-008D-4DA0-8384-FC969FF0DE0B}"
EndProject
Project("{FAE04EC0-301F-11D3-BF4B-00C04F79EFBC}") = "Client", "Client\Client.csproj", "{EAAEB5D6-95F6-40FB-B24A-5BE8B7CB0478}"
EndProject
Project("{FAE04EC0-301F-11D3-BF4B-00C04F79EFBC}") = "TKPacket", "TKPacket\TKPacket.csproj", "{E547372A-4934-4F57-96BD-B96BCD87CB1B}"
EndProject
Project("{FAE04EC0-301F-11D3-BF4B-00C04F79EFBC}") = "TKThread", "TKThread\TKThread.csproj", "{BC0F19AF-DA1C-40CB-AA4B-9021C6BA3F16}"
EndProject
Global
	GlobalSection(SolutionConfigurationPlatforms) = preSolution
		Debug|Any CPU = Debug|Any CPU
		Release|Any CPU = Release|Any CPU
	EndGlobalSection
	GlobalSection(ProjectConfigurationPlatforms) = postSolution
		{8FCDCEE5-008D-4DA0-8384-FC969FF0DE0B}.Debug|Any CPU.ActiveCfg = Debug|Any CPU
		{8FCDCEE5-008D-4DA0-8384-FC969FF0DE0B}.Debug|Any CPU.Build.0 = Debug|Any CPU
		{8FCDCEE5-008D-4DA0-8384-FC969FF0DE0B}.Release|Any CPU.ActiveCfg = Release|Any CPU
		{8FCDCEE5-008D-4DA0-8384-FC969FF0DE0B}.Release|Any CPU.Build.0 = Release|Any CPU
		{EAAEB5D6-95F6-40FB-B24A-5BE8B7CB0478}.Debug|Any CPU.ActiveCfg = Debug|Any CPU
		{EAAEB5D6-95F6-40FB-B24A-5BE8B7CB0478}.Debug|Any CPU.Build.0 = Debug|Any CPU
		{EAAEB5D6-95F6-40FB-B24A-5BE8B7CB0478}.Release|Any CPU.ActiveCfg = Release|Any CPU
		{EAAEB5D6-95F6-40FB-B24A-5BE8B7CB0478}.Release|Any CPU.Build.0 = Release|Any CPU
		{E547372A-4934-4F57-96BD-B96BCD87CB1B}.Debug|Any CPU.ActiveCfg = Debug|Any CPU
		{E547372A-4934-4F57-96BD-B96BCD87CB1B}.Debug|Any CPU.Build.0 = Debug|Any CPU
		{E547372A-4934-4F57-96BD-B96BCD87CB1B}.Release|Any CPU.ActiveCfg = Release|Any CPU
		{E547372A-4934-4F57-96BD-B96BCD87CB1B}.Release|Any CPU.Build.0 = Release|Any CPU
		{BC0F19AF-DA1C-40CB-AA4B-9021C6BA3F16}.Debug|Any CPU.ActiveCfg = Debug|Any CPU
		{BC0F19AF-DA1C-40CB-AA4B-9021C6BA3F16}.Debug|Any CPU.Build.0 = Debug|Any CPU
		{BC0F19AF-DA1C-40CB-AA4B-9021C6BA3F16}.Release|Any CPU.ActiveCfg = Release|Any CPU
		{BC0F19AF-DA1C-40CB-AA4B-9021C6BA3F16}.Release|Any CPU.Build.0 = Release|Any CPU
	EndGlobalSection
	GlobalSection(SolutionProperties) = preSolution
		HideSolutionNode = FALSE
	EndGlobalSection
EndGlobal
